// !$*UTF8*$!
{
	archiveVersion = 1;
	classes = {
	};
	objectVersion = 50;
	objects = {

/* Begin PBXBuildFile section */
		575ECDF6254CD0A1005A1080 /* AppDelegate.swift in Sources */ = {isa = PBXBuildFile; fileRef = 575ECDF5254CD0A1005A1080 /* AppDelegate.swift */; };
		575ECDF8254CD0A1005A1080 /* SceneDelegate.swift in Sources */ = {isa = PBXBuildFile; fileRef = 575ECDF7254CD0A1005A1080 /* SceneDelegate.swift */; };
		575ECDFA254CD0A1005A1080 /* ViewController.swift in Sources */ = {isa = PBXBuildFile; fileRef = 575ECDF9254CD0A1005A1080 /* ViewController.swift */; };
		575ECDFD254CD0A1005A1080 /* Main.storyboard in Resources */ = {isa = PBXBuildFile; fileRef = 575ECDFB254CD0A1005A1080 /* Main.storyboard */; };
		575ECDFF254CD0A2005A1080 /* Assets.xcassets in Resources */ = {isa = PBXBuildFile; fileRef = 575ECDFE254CD0A2005A1080 /* Assets.xcassets */; };
		575ECE02254CD0A2005A1080 /* LaunchScreen.storyboard in Resources */ = {isa = PBXBuildFile; fileRef = 575ECE00254CD0A2005A1080 /* LaunchScreen.storyboard */; };
		575ECE0B254CD13A005A1080 /* Canvas.swift in Sources */ = {isa = PBXBuildFile; fileRef = 575ECE0A254CD13A005A1080 /* Canvas.swift */; };
/* End PBXBuildFile section */

/* Begin PBXFileReference section */
		575ECDF2254CD0A1005A1080 /* DrawingAnything.app */ = {isa = PBXFileReference; explicitFileType = wrapper.application; includeInIndex = 0; path = DrawingAnything.app; sourceTree = BUILT_PRODUCTS_DIR; };
		575ECDF5254CD0A1005A1080 /* AppDelegate.swift */ = {isa = PBXFileReference; lastKnownFileType = sourcecode.swift; path = AppDelegate.swift; sourceTree = "<group>"; };
		575ECDF7254CD0A1005A1080 /* SceneDelegate.swift */ = {isa = PBXFileReference; lastKnownFileType = sourcecode.swift; path = SceneDelegate.swift; sourceTree = "<group>"; };
		575ECDF9254CD0A1005A1080 /* ViewController.swift */ = {isa = PBXFileReference; lastKnownFileType = sourcecode.swift; path = ViewController.swift; sourceTree = "<group>"; };
		575ECDFC254CD0A1005A1080 /* Base */ = {isa = PBXFileReference; lastKnownFileType = file.storyboard; name = Base; path = Base.lproj/Main.storyboard; sourceTree = "<group>"; };
		575ECDFE254CD0A2005A1080 /* Assets.xcassets */ = {isa = PBXFileReference; lastKnownFileType = folder.assetcatalog; path = Assets.xcassets; sourceTree = "<group>"; };
		575ECE01254CD0A2005A1080 /* Base */ = {isa = PBXFileReference; lastKnownFileType = file.storyboard; name = Base; path = Base.lproj/LaunchScreen.storyboard; sourceTree = "<group>"; };
		575ECE03254CD0A2005A1080 /* Info.plist */ = {isa = PBXFileReference; lastKnownFileType = text.plist.xml; path = Info.plist; sourceTree = "<group>"; };
		575ECE0A254CD13A005A1080 /* Canvas.swift */ = {isa = PBXFileReference; lastKnownFileType = sourcecode.swift; path = Canvas.swift; sourceTree = "<group>"; };
/* End PBXFileReference section */

/* Begin PBXFrameworksBuildPhase section */
		575ECDEF254CD0A1005A1080 /* Frameworks */ = {
			isa = PBXFrameworksBuildPhase;
			buildActionMask = 2147483647;
			files = (
			);
			runOnlyForDeploymentPostprocessing = 0;
		};
/* End PBXFrameworksBuildPhase section */

/* Begin PBXGroup section */
		575ECDE9254CD0A1005A1080 = {
			isa = PBXGroup;
			children = (
				575ECDF4254CD0A1005A1080 /* DrawingAnything */,
				575ECDF3254CD0A1005A1080 /* Products */,
			);
			sourceTree = "<group>";
		};
		575ECDF3254CD0A1005A1080 /* Products */ = {
			isa = PBXGroup;
			children = (
				575ECDF2254CD0A1005A1080 /* DrawingAnything.app */,
			);
			name = Products;
			sourceTree = "<group>";
		};
		575ECDF4254CD0A1005A1080 /* DrawingAnything */ = {
			isa = PBXGroup;
			children = (
				575ECDF5254CD0A1005A1080 /* AppDelegate.swift */,
				575ECDF7254CD0A1005A1080 /* SceneDelegate.swift */,
				575ECDF9254CD0A1005A1080 /* ViewController.swift */,
				575ECE0A254CD13A005A1080 /* Canvas.swift */,
				575ECDFB254CD0A1005A1080 /* Main.storyboard */,
				575ECDFE254CD0A2005A1080 /* Assets.xcassets */,
				575ECE00254CD0A2005A1080 /* LaunchScreen.storyboard */,
				575ECE03254CD0A2005A1080 /* Info.plist */,
			);
			path = DrawingAnything;
			sourceTree = "<group>";
		};
/* End PBXGroup section */

/* Begin PBXNativeTarget section */
		575ECDF1254CD0A1005A1080 /* DrawingAnything */ = {
			isa = PBXNativeTarget;
			buildConfigurationList = 575ECE06254CD0A2005A1080 /* Build configuration list for PBXNativeTarget "DrawingAnything" */;
			buildPhases = (
				575ECDEE254CD0A1005A1080 /* Sources */,
				575ECDEF254CD0A1005A1080 /* Frameworks */,
				575ECDF0254CD0A1005A1080 /* Resources */,
			);
			buildRules = (
			);
			dependencies = (
			);
			name = DrawingAnything;
			productName = DrawingAnything;
			productReference = 575ECDF2254CD0A1005A1080 /* DrawingAnything.app */;
			productType = "com.apple.product-type.application";
		};
/* End PBXNativeTarget section */

/* Begin PBXProject section */
		575ECDEA254CD0A1005A1080 /* Project object */ = {
			isa = PBXProject;
			attributes = {
				LastSwiftUpdateCheck = 1210;
				LastUpgradeCheck = 1210;
				TargetAttributes = {
					575ECDF1254CD0A1005A1080 = {
						CreatedOnToolsVersion = 12.1;
					};
				};
			};
			buildConfigurationList = 575ECDED254CD0A1005A1080 /* Build configuration list for PBXProject "DrawingAnything" */;
			compatibilityVersion = "Xcode 9.3";
			developmentRegion = en;
			hasScannedForEncodings = 0;
			knownRegions = (
				en,
				Base,
			);
			mainGroup = 575ECDE9254CD0A1005A1080;
			productRefGroup = 575ECDF3254CD0A1005A1080 /* Products */;
			projectDirPath = "";
			projectRoot = "";
			targets = (
				575ECDF1254CD0A1005A1080 /* DrawingAnything */,
			);
		};
/* End PBXProject section */

/* Begin PBXResourcesBuildPhase section */
		575ECDF0254CD0A1005A1080 /* Resources */ = {
			isa = PBXResourcesBuildPhase;
			buildActionMask = 2147483647;
			files = (
				575ECE02254CD0A2005A1080 /* LaunchScreen.storyboard in Resources */,
				575ECDFF254CD0A2005A1080 /* Assets.xcassets in Resources */,
				575ECDFD254CD0A1005A1080 /* Main.storyboard in Resources */,
			);
			runOnlyForDeploymentPostprocessing = 0;
		};
/* End PBXResourcesBuildPhase section */

/* Begin PBXSourcesBuildPhase section */
		575ECDEE254CD0A1005A1080 /* Sources */ = {
			isa = PBXSourcesBuildPhase;
			buildActionMask = 2147483647;
			files = (
				575ECDFA254CD0A1005A1080 /* ViewController.swift in Sources */,
				575ECDF6254CD0A1005A1080 /* AppDelegate.swift in Sources */,
				575ECDF8254CD0A1005A1080 /* SceneDelegate.swift in Sources */,
				575ECE0B254CD13A005A1080 /* Canvas.swift in Sources */,
			);
			runOnlyForDeploymentPostprocessing = 0;
		};
/* End PBXSourcesBuildPhase section */

/* Begin PBXVariantGroup section */
		575ECDFB254CD0A1005A1080 /* Main.storyboard */ = {
			isa = PBXVariantGroup;
			children = (
				575ECDFC254CD0A1005A1080 /* Base */,
			);
			name = Main.storyboard;
			sourceTree = "<group>";
		};
		575ECE00254CD0A2005A1080 /* LaunchScreen.storyboard */ = {
			isa = PBXVariantGroup;
			children = (
				575ECE01254CD0A2005A1080 /* Base */,
			);
			name = LaunchScreen.storyboard;
			sourceTree = "<group>";
		};
/* End PBXVariantGroup section */

/* Begin XCBuildConfiguration section */
		575ECE04254CD0A2005A1080 /* Debug */ = {
			isa = XCBuildConfiguration;
			buildSettings = {
				ALWAYS_SEARCH_USER_PATHS = NO;
				CLANG_ANALYZER_NONNULL = YES;
				CLANG_ANALYZER_NUMBER_OBJECT_CONVERSION = YES_AGGRESSIVE;
				CLANG_CXX_LANGUAGE_STANDARD = "gnu++14";
				CLANG_CXX_LIBRARY = "libc++";
				CLANG_ENABLE_MODULES = YES;
				CLANG_ENABLE_OBJC_ARC = YES;
				CLANG_ENABLE_OBJC_WEAK = YES;
				CLANG_WARN_BLOCK_CAPTURE_AUTORELEASING = YES;
				CLANG_WARN_BOOL_CONVERSION = YES;
				CLANG_WARN_COMMA = YES;
				CLANG_WARN_CONSTANT_CONVERSION = YES;
				CLANG_WARN_DEPRECATED_OBJC_IMPLEMENTATIONS = YES;
				CLANG_WARN_DIRECT_OBJC_ISA_USAGE = YES_ERROR;
				CLANG_WARN_DOCUMENTATION_COMMENTS = YES;
				CLANG_WARN_EMPTY_BODY = YES;
				CLANG_WARN_ENUM_CONVERSION = YES;
				CLANG_WARN_INFINITE_RECURSION = YES;
				CLANG_WARN_INT_CONVERSION = YES;
				CLANG_WARN_NON_LITERAL_NULL_CONVERSION = YES;
				CLANG_WARN_OBJC_IMPLICIT_RETAIN_SELF = YES;
				CLANG_WARN_OBJC_LITERAL_CONVERSION = YES;
				CLANG_WARN_OBJC_ROOT_CLASS = YES_ERROR;
				CLANG_WARN_QUOTED_INCLUDE_IN_FRAMEWORK_HEADER = YES;
				CLANG_WARN_RANGE_LOOP_ANALYSIS = YES;
				CLANG_WARN_STRICT_PROTOTYPES = YES;
				CLANG_WARN_SUSPICIOUS_MOVE = YES;
				CLANG_WARN_UNGUARDED_AVAILABILITY = YES_AGGRESSIVE;
				CLANG_WARN_UNREACHABLE_CODE = YES;
				CLANG_WARN__DUPLICATE_METHOD_MATCH = YES;
				COPY_PHASE_STRIP = NO;
				DEBUG_INFORMATION_FORMAT = dwarf;
				ENABLE_STRICT_OBJC_MSGSEND = YES;
				ENABLE_TESTABILITY = YES;
				GCC_C_LANGUAGE_STANDARD = gnu11;
				GCC_DYNAMIC_NO_PIC = NO;
				GCC_NO_COMMON_BLOCKS = YES;
				GCC_OPTIMIZATION_LEVEL = 0;
				GCC_PREPROCESSOR_DEFINITIONS = (
					"DEBUG=1",
					"$(inherited)",
				);
				GCC_WARN_64_TO_32_BIT_CONVERSION = YES;
				GCC_WARN_ABOUT_RETURN_TYPE = YES_ERROR;
				GCC_WARN_UNDECLARED_SELECTOR = YES;
				GCC_WARN_UNINITIALIZED_AUTOS = YES_AGGRESSIVE;
				GCC_WARN_UNUSED_FUNCTION = YES;
				GCC_WARN_UNUSED_VARIABLE = YES;
				IPHONEOS_DEPLOYMENT_TARGET = 14.1;
				MTL_ENABLE_DEBUG_INFO = INCLUDE_SOURCE;
				MTL_FAST_MATH = YES;
				ONLY_ACTIVE_ARCH = YES;
				SDKROOT = iphoneos;
				SWIFT_ACTIVE_COMPILATION_CONDITIONS = DEBUG;
				SWIFT_OPTIMIZATION_LEVEL = "-Onone";
			};
			name = Debug;
		};
		575ECE05254CD0A2005A1080 /* Release */ = {
			isa = XCBuildConfiguration;
			buildSettings = {
				ALWAYS_SEARCH_USER_PATHS = NO;
				CLANG_ANALYZER_NONNULL = YES;
				CLANG_ANALYZER_NUMBER_OBJECT_CONVERSION = YES_AGGRESSIVE;
				CLANG_CXX_LANGUAGE_STANDARD = "gnu++14";
				CLANG_CXX_LIBRARY = "libc++";
				CLANG_ENABLE_MODULES = YES;
				CLANG_ENABLE_OBJC_ARC = YES;
				CLANG_ENABLE_OBJC_WEAK = YES;
				CLANG_WARN_BLOCK_CAPTURE_AUTORELEASING = YES;
				CLANG_WARN_BOOL_CONVERSION = YES;
				CLANG_WARN_COMMA = YES;
				CLANG_WARN_CONSTANT_CONVERSION = YES;
				CLANG_WARN_DEPRECATED_OBJC_IMPLEMENTATIONS = YES;
				CLANG_WARN_DIRECT_OBJC_ISA_USAGE = YES_ERROR;
				CLANG_WARN_DOCUMENTATION_COMMENTS = YES;
				CLANG_WARN_EMPTY_BODY = YES;
				CLANG_WARN_ENUM_CONVERSION = YES;
				CLANG_WARN_INFINITE_RECURSION = YES;
				CLANG_WARN_INT_CONVERSION = YES;
				CLANG_WARN_NON_LITERAL_NULL_CONVERSION = YES;
				CLANG_WARN_OBJC_IMPLICIT_RETAIN_SELF = YES;
				CLANG_WARN_OBJC_LITERAL_CONVERSION = YES;
				CLANG_WARN_OBJC_ROOT_CLASS = YES_ERROR;
				CLANG_WARN_QUOTED_INCLUDE_IN_FRAMEWORK_HEADER = YES;
				CLANG_WARN_RANGE_LOOP_ANALYSIS = YES;
				CLANG_WARN_STRICT_PROTOTYPES = YES;
				CLANG_WARN_SUSPICIOUS_MOVE = YES;
				CLANG_WARN_UNGUARDED_AVAILABILITY = YES_AGGRESSIVE;
				CLANG_WARN_UNREACHABLE_CODE = YES;
				CLANG_WARN__DUPLICATE_METHOD_MATCH = YES;
				COPY_PHASE_STRIP = NO;
				DEBUG_INFORMATION_FORMAT = "dwarf-with-dsym";
				ENABLE_NS_ASSERTIONS = NO;
				ENABLE_STRICT_OBJC_MSGSEND = YES;
				GCC_C_LANGUAGE_STANDARD = gnu11;
				GCC_NO_COMMON_BLOCKS = YES;
				GCC_WARN_64_TO_32_BIT_CONVERSION = YES;
				GCC_WARN_ABOUT_RETURN_TYPE = YES_ERROR;
				GCC_WARN_UNDECLARED_SELECTOR = YES;
				GCC_WARN_UNINITIALIZED_AUTOS = YES_AGGRESSIVE;
				GCC_WARN_UNUSED_FUNCTION = YES;
				GCC_WARN_UNUSED_VARIABLE = YES;
				IPHONEOS_DEPLOYMENT_TARGET = 14.1;
				MTL_ENABLE_DEBUG_INFO = NO;
				MTL_FAST_MATH = YES;
				SDKROOT = iphoneos;
				SWIFT_COMPILATION_MODE = wholemodule;
				SWIFT_OPTIMIZATION_LEVEL = "-O";
				VALIDATE_PRODUCT = YES;
			};
			name = Release;
		};
		575ECE07254CD0A2005A1080 /* Debug */ = {
			isa = XCBuildConfiguration;
			buildSettings = {
				ASSETCATALOG_COMPILER_APPICON_NAME = AppIcon;
				ASSETCATALOG_COMPILER_GLOBAL_ACCENT_COLOR_NAME = AccentColor;
				CODE_SIGN_STYLE = Automatic;
				INFOPLIST_FILE = DrawingAnything/Info.plist;
				LD_RUNPATH_SEARCH_PATHS = (
					"$(inherited)",
					"@executable_path/Frameworks",
				);
				PRODUCT_BUNDLE_IDENTIFIER = "Paul-Moryakov.DrawingAnything";
				PRODUCT_NAME = "$(TARGET_NAME)";
				SWIFT_VERSION = 5.0;
				TARGETED_DEVICE_FAMILY = "1,2";
			};
			name = Debug;
		};
		575ECE08254CD0A2005A1080 /* Release */ = {
			isa = XCBuildConfiguration;
			buildSettings = {
				ASSETCATALOG_COMPILER_APPICON_NAME = AppIcon;
				ASSETCATALOG_COMPILER_GLOBAL_ACCENT_COLOR_NAME = AccentColor;
				CODE_SIGN_STYLE = Automatic;
				INFOPLIST_FILE = DrawingAnything/Info.plist;
				LD_RUNPATH_SEARCH_PATHS = (
					"$(inherited)",
					"@executable_path/Frameworks",
				);
				PRODUCT_BUNDLE_IDENTIFIER = "Paul-Moryakov.DrawingAnything";
				PRODUCT_NAME = "$(TARGET_NAME)";
				SWIFT_VERSION = 5.0;
				TARGETED_DEVICE_FAMILY = "1,2";
			};
			name = Release;
		};
/* End XCBuildConfiguration section */

/* Begin XCConfigurationList section */
		575ECDED254CD0A1005A1080 /* Build configuration list for PBXProject "DrawingAnything" */ = {
			isa = XCConfigurationList;
			buildConfigurations = (
				575ECE04254CD0A2005A1080 /* Debug */,
				575ECE05254CD0A2005A1080 /* Release */,
			);
			defaultConfigurationIsVisible = 0;
			defaultConfigurationName = Release;
		};
		575ECE06254CD0A2005A1080 /* Build configuration list for PBXNativeTarget "DrawingAnything" */ = {
			isa = XCConfigurationList;
			buildConfigurations = (
				575ECE07254CD0A2005A1080 /* Debug */,
				575ECE08254CD0A2005A1080 /* Release */,
			);
			defaultConfigurationIsVisible = 0;
			defaultConfigurationName = Release;
		};
/* End XCConfigurationList section */
	};
	rootObject = 575ECDEA254CD0A1005A1080 /* Project object */;
}
